
Microsoft Visual Studio Solution File, Format Version 12.00
# Visual Studio 15
VisualStudioVersion = 15.0.26730.16
MinimumVisualStudioVersion = 10.0.40219.1
Project("{FAE04EC0-301F-11D3-BF4B-00C04F79EFBC}") = "Hodlr.Android", "SimpleCoinChecker\SimpleCoinChecker.Android\Hodlr.Android.csproj", "{A216EBBB-5521-4F87-959E-3ED30EFEFD63}"
EndProject
Project("{FAE04EC0-301F-11D3-BF4B-00C04F79EFBC}") = "Hodlr", "SimpleCoinChecker\SimpleCoinChecker\Hodlr.csproj", "{9D38B4B7-3CBF-42C1-9374-6373375FD0D1}"
EndProject
Project("{FAE04EC0-301F-11D3-BF4B-00C04F79EFBC}") = "SimpleCoinChecker.UWP", "SimpleCoinChecker\SimpleCoinChecker.UWP\SimpleCoinChecker.UWP.csproj", "{C2C23E7D-E04E-42D9-8ABF-46BDB42DE480}"
EndProject
Project("{FAE04EC0-301F-11D3-BF4B-00C04F79EFBC}") = "SimpleCoinChecker.iOS", "SimpleCoinChecker\SimpleCoinChecker.iOS\SimpleCoinChecker.iOS.csproj", "{A0AE1075-6944-43E3-9A70-F4680492873F}"
EndProject
Global
	GlobalSection(SolutionConfigurationPlatforms) = preSolution
		Ad-Hoc|Any CPU = Ad-Hoc|Any CPU
		Ad-Hoc|ARM = Ad-Hoc|ARM
		Ad-Hoc|iPhone = Ad-Hoc|iPhone
		Ad-Hoc|iPhoneSimulator = Ad-Hoc|iPhoneSimulator
		Ad-Hoc|x64 = Ad-Hoc|x64
		Ad-Hoc|x86 = Ad-Hoc|x86
		AppStore|Any CPU = AppStore|Any CPU
		AppStore|ARM = AppStore|ARM
		AppStore|iPhone = AppStore|iPhone
		AppStore|iPhoneSimulator = AppStore|iPhoneSimulator
		AppStore|x64 = AppStore|x64
		AppStore|x86 = AppStore|x86
		Debug|Any CPU = Debug|Any CPU
		Debug|ARM = Debug|ARM
		Debug|iPhone = Debug|iPhone
		Debug|iPhoneSimulator = Debug|iPhoneSimulator
		Debug|x64 = Debug|x64
		Debug|x86 = Debug|x86
		Release|Any CPU = Release|Any CPU
		Release|ARM = Release|ARM
		Release|iPhone = Release|iPhone
		Release|iPhoneSimulator = Release|iPhoneSimulator
		Release|x64 = Release|x64
		Release|x86 = Release|x86
	EndGlobalSection
	GlobalSection(ProjectConfigurationPlatforms) = postSolution
		{A216EBBB-5521-4F87-959E-3ED30EFEFD63}.Ad-Hoc|Any CPU.ActiveCfg = Release|Any CPU
		{A216EBBB-5521-4F87-959E-3ED30EFEFD63}.Ad-Hoc|Any CPU.Build.0 = Release|Any CPU
		{A216EBBB-5521-4F87-959E-3ED30EFEFD63}.Ad-Hoc|Any CPU.Deploy.0 = Release|Any CPU
		{A216EBBB-5521-4F87-959E-3ED30EFEFD63}.Ad-Hoc|ARM.ActiveCfg = Release|Any CPU
		{A216EBBB-5521-4F87-959E-3ED30EFEFD63}.Ad-Hoc|ARM.Build.0 = Release|Any CPU
		{A216EBBB-5521-4F87-959E-3ED30EFEFD63}.Ad-Hoc|ARM.Deploy.0 = Release|Any CPU
		{A216EBBB-5521-4F87-959E-3ED30EFEFD63}.Ad-Hoc|iPhone.ActiveCfg = Release|Any CPU
		{A216EBBB-5521-4F87-959E-3ED30EFEFD63}.Ad-Hoc|iPhone.Build.0 = Release|Any CPU
		{A216EBBB-5521-4F87-959E-3ED30EFEFD63}.Ad-Hoc|iPhone.Deploy.0 = Release|Any CPU
		{A216EBBB-5521-4F87-959E-3ED30EFEFD63}.Ad-Hoc|iPhoneSimulator.ActiveCfg = Release|Any CPU
		{A216EBBB-5521-4F87-959E-3ED30EFEFD63}.Ad-Hoc|iPhoneSimulator.Build.0 = Release|Any CPU
		{A216EBBB-5521-4F87-959E-3ED30EFEFD63}.Ad-Hoc|iPhoneSimulator.Deploy.0 = Release|Any CPU
		{A216EBBB-5521-4F87-959E-3ED30EFEFD63}.Ad-Hoc|x64.ActiveCfg = Release|Any CPU
		{A216EBBB-5521-4F87-959E-3ED30EFEFD63}.Ad-Hoc|x64.Build.0 = Release|Any CPU
		{A216EBBB-5521-4F87-959E-3ED30EFEFD63}.Ad-Hoc|x64.Deploy.0 = Release|Any CPU
		{A216EBBB-5521-4F87-959E-3ED30EFEFD63}.Ad-Hoc|x86.ActiveCfg = Release|Any CPU
		{A216EBBB-5521-4F87-959E-3ED30EFEFD63}.Ad-Hoc|x86.Build.0 = Release|Any CPU
		{A216EBBB-5521-4F87-959E-3ED30EFEFD63}.Ad-Hoc|x86.Deploy.0 = Release|Any CPU
		{A216EBBB-5521-4F87-959E-3ED30EFEFD63}.AppStore|Any CPU.ActiveCfg = Release|Any CPU
		{A216EBBB-5521-4F87-959E-3ED30EFEFD63}.AppStore|Any CPU.Build.0 = Release|Any CPU
		{A216EBBB-5521-4F87-959E-3ED30EFEFD63}.AppStore|Any CPU.Deploy.0 = Release|Any CPU
		{A216EBBB-5521-4F87-959E-3ED30EFEFD63}.AppStore|ARM.ActiveCfg = Release|Any CPU
		{A216EBBB-5521-4F87-959E-3ED30EFEFD63}.AppStore|ARM.Build.0 = Release|Any CPU
		{A216EBBB-5521-4F87-959E-3ED30EFEFD63}.AppStore|ARM.Deploy.0 = Release|Any CPU
		{A216EBBB-5521-4F87-959E-3ED30EFEFD63}.AppStore|iPhone.ActiveCfg = Release|Any CPU
		{A216EBBB-5521-4F87-959E-3ED30EFEFD63}.AppStore|iPhone.Build.0 = Release|Any CPU
		{A216EBBB-5521-4F87-959E-3ED30EFEFD63}.AppStore|iPhone.Deploy.0 = Release|Any CPU
		{A216EBBB-5521-4F87-959E-3ED30EFEFD63}.AppStore|iPhoneSimulator.ActiveCfg = Release|Any CPU
		{A216EBBB-5521-4F87-959E-3ED30EFEFD63}.AppStore|iPhoneSimulator.Build.0 = Release|Any CPU
		{A216EBBB-5521-4F87-959E-3ED30EFEFD63}.AppStore|iPhoneSimulator.Deploy.0 = Release|Any CPU
		{A216EBBB-5521-4F87-959E-3ED30EFEFD63}.AppStore|x64.ActiveCfg = Release|Any CPU
		{A216EBBB-5521-4F87-959E-3ED30EFEFD63}.AppStore|x64.Build.0 = Release|Any CPU
		{A216EBBB-5521-4F87-959E-3ED30EFEFD63}.AppStore|x64.Deploy.0 = Release|Any CPU
		{A216EBBB-5521-4F87-959E-3ED30EFEFD63}.AppStore|x86.ActiveCfg = Release|Any CPU
		{A216EBBB-5521-4F87-959E-3ED30EFEFD63}.AppStore|x86.Build.0 = Release|Any CPU
		{A216EBBB-5521-4F87-959E-3ED30EFEFD63}.AppStore|x86.Deploy.0 = Release|Any CPU
		{A216EBBB-5521-4F87-959E-3ED30EFEFD63}.Debug|Any CPU.ActiveCfg = Debug|Any CPU
		{A216EBBB-5521-4F87-959E-3ED30EFEFD63}.Debug|Any CPU.Build.0 = Debug|Any CPU
		{A216EBBB-5521-4F87-959E-3ED30EFEFD63}.Debug|Any CPU.Deploy.0 = Debug|Any CPU
		{A216EBBB-5521-4F87-959E-3ED30EFEFD63}.Debug|ARM.ActiveCfg = Debug|Any CPU
		{A216EBBB-5521-4F87-959E-3ED30EFEFD63}.Debug|ARM.Build.0 = Debug|Any CPU
		{A216EBBB-5521-4F87-959E-3ED30EFEFD63}.Debug|ARM.Deploy.0 = Debug|Any CPU
		{A216EBBB-5521-4F87-959E-3ED30EFEFD63}.Debug|iPhone.ActiveCfg = Debug|Any CPU
		{A216EBBB-5521-4F87-959E-3ED30EFEFD63}.Debug|iPhone.Build.0 = Debug|Any CPU
		{A216EBBB-5521-4F87-959E-3ED30EFEFD63}.Debug|iPhone.Deploy.0 = Debug|Any CPU
		{A216EBBB-5521-4F87-959E-3ED30EFEFD63}.Debug|iPhoneSimulator.ActiveCfg = Debug|Any CPU
		{A216EBBB-5521-4F87-959E-3ED30EFEFD63}.Debug|iPhoneSimulator.Build.0 = Debug|Any CPU
		{A216EBBB-5521-4F87-959E-3ED30EFEFD63}.Debug|iPhoneSimulator.Deploy.0 = Debug|Any CPU
		{A216EBBB-5521-4F87-959E-3ED30EFEFD63}.Debug|x64.ActiveCfg = Debug|Any CPU
		{A216EBBB-5521-4F87-959E-3ED30EFEFD63}.Debug|x64.Build.0 = Debug|Any CPU
		{A216EBBB-5521-4F87-959E-3ED30EFEFD63}.Debug|x64.Deploy.0 = Debug|Any CPU
		{A216EBBB-5521-4F87-959E-3ED30EFEFD63}.Debug|x86.ActiveCfg = Debug|Any CPU
		{A216EBBB-5521-4F87-959E-3ED30EFEFD63}.Debug|x86.Build.0 = Debug|Any CPU
		{A216EBBB-5521-4F87-959E-3ED30EFEFD63}.Debug|x86.Deploy.0 = Debug|Any CPU
		{A216EBBB-5521-4F87-959E-3ED30EFEFD63}.Release|Any CPU.ActiveCfg = Release|Any CPU
		{A216EBBB-5521-4F87-959E-3ED30EFEFD63}.Release|Any CPU.Build.0 = Release|Any CPU
		{A216EBBB-5521-4F87-959E-3ED30EFEFD63}.Release|Any CPU.Deploy.0 = Release|Any CPU
		{A216EBBB-5521-4F87-959E-3ED30EFEFD63}.Release|ARM.ActiveCfg = Release|Any CPU
		{A216EBBB-5521-4F87-959E-3ED30EFEFD63}.Release|ARM.Build.0 = Release|Any CPU
		{A216EBBB-5521-4F87-959E-3ED30EFEFD63}.Release|ARM.Deploy.0 = Release|Any CPU
		{A216EBBB-5521-4F87-959E-3ED30EFEFD63}.Release|iPhone.ActiveCfg = Release|Any CPU
		{A216EBBB-5521-4F87-959E-3ED30EFEFD63}.Release|iPhone.Build.0 = Release|Any CPU
		{A216EBBB-5521-4F87-959E-3ED30EFEFD63}.Release|iPhone.Deploy.0 = Release|Any CPU
		{A216EBBB-5521-4F87-959E-3ED30EFEFD63}.Release|iPhoneSimulator.ActiveCfg = Release|Any CPU
		{A216EBBB-5521-4F87-959E-3ED30EFEFD63}.Release|iPhoneSimulator.Build.0 = Release|Any CPU
		{A216EBBB-5521-4F87-959E-3ED30EFEFD63}.Release|iPhoneSimulator.Deploy.0 = Release|Any CPU
		{A216EBBB-5521-4F87-959E-3ED30EFEFD63}.Release|x64.ActiveCfg = Release|Any CPU
		{A216EBBB-5521-4F87-959E-3ED30EFEFD63}.Release|x64.Build.0 = Release|Any CPU
		{A216EBBB-5521-4F87-959E-3ED30EFEFD63}.Release|x64.Deploy.0 = Release|Any CPU
		{A216EBBB-5521-4F87-959E-3ED30EFEFD63}.Release|x86.ActiveCfg = Release|Any CPU
		{A216EBBB-5521-4F87-959E-3ED30EFEFD63}.Release|x86.Build.0 = Release|Any CPU
		{A216EBBB-5521-4F87-959E-3ED30EFEFD63}.Release|x86.Deploy.0 = Release|Any CPU
		{9D38B4B7-3CBF-42C1-9374-6373375FD0D1}.Ad-Hoc|Any CPU.ActiveCfg = Release|Any CPU
		{9D38B4B7-3CBF-42C1-9374-6373375FD0D1}.Ad-Hoc|Any CPU.Build.0 = Release|Any CPU
		{9D38B4B7-3CBF-42C1-9374-6373375FD0D1}.Ad-Hoc|ARM.ActiveCfg = Release|Any CPU
		{9D38B4B7-3CBF-42C1-9374-6373375FD0D1}.Ad-Hoc|ARM.Build.0 = Release|Any CPU
		{9D38B4B7-3CBF-42C1-9374-6373375FD0D1}.Ad-Hoc|iPhone.ActiveCfg = Release|Any CPU
		{9D38B4B7-3CBF-42C1-9374-6373375FD0D1}.Ad-Hoc|iPhone.Build.0 = Release|Any CPU
		{9D38B4B7-3CBF-42C1-9374-6373375FD0D1}.Ad-Hoc|iPhoneSimulator.ActiveCfg = Release|Any CPU
		{9D38B4B7-3CBF-42C1-9374-6373375FD0D1}.Ad-Hoc|iPhoneSimulator.Build.0 = Release|Any CPU
		{9D38B4B7-3CBF-42C1-9374-6373375FD0D1}.Ad-Hoc|x64.ActiveCfg = Release|Any CPU
		{9D38B4B7-3CBF-42C1-9374-6373375FD0D1}.Ad-Hoc|x64.Build.0 = Release|Any CPU
		{9D38B4B7-3CBF-42C1-9374-6373375FD0D1}.Ad-Hoc|x86.ActiveCfg = Release|Any CPU
		{9D38B4B7-3CBF-42C1-9374-6373375FD0D1}.Ad-Hoc|x86.Build.0 = Release|Any CPU
		{9D38B4B7-3CBF-42C1-9374-6373375FD0D1}.AppStore|Any CPU.ActiveCfg = Release|Any CPU
		{9D38B4B7-3CBF-42C1-9374-6373375FD0D1}.AppStore|Any CPU.Build.0 = Release|Any CPU
		{9D38B4B7-3CBF-42C1-9374-6373375FD0D1}.AppStore|ARM.ActiveCfg = Release|Any CPU
		{9D38B4B7-3CBF-42C1-9374-6373375FD0D1}.AppStore|ARM.Build.0 = Release|Any CPU
		{9D38B4B7-3CBF-42C1-9374-6373375FD0D1}.AppStore|iPhone.ActiveCfg = Release|Any CPU
		{9D38B4B7-3CBF-42C1-9374-6373375FD0D1}.AppStore|iPhone.Build.0 = Release|Any CPU
		{9D38B4B7-3CBF-42C1-9374-6373375FD0D1}.AppStore|iPhoneSimulator.ActiveCfg = Release|Any CPU
		{9D38B4B7-3CBF-42C1-9374-6373375FD0D1}.AppStore|iPhoneSimulator.Build.0 = Release|Any CPU
		{9D38B4B7-3CBF-42C1-9374-6373375FD0D1}.AppStore|x64.ActiveCfg = Release|Any CPU
		{9D38B4B7-3CBF-42C1-9374-6373375FD0D1}.AppStore|x64.Build.0 = Release|Any CPU
		{9D38B4B7-3CBF-42C1-9374-6373375FD0D1}.AppStore|x86.ActiveCfg = Release|Any CPU
		{9D38B4B7-3CBF-42C1-9374-6373375FD0D1}.AppStore|x86.Build.0 = Release|Any CPU
		{9D38B4B7-3CBF-42C1-9374-6373375FD0D1}.Debug|Any CPU.ActiveCfg = Debug|Any CPU
		{9D38B4B7-3CBF-42C1-9374-6373375FD0D1}.Debug|Any CPU.Build.0 = Debug|Any CPU
		{9D38B4B7-3CBF-42C1-9374-6373375FD0D1}.Debug|ARM.ActiveCfg = Debug|Any CPU
		{9D38B4B7-3CBF-42C1-9374-6373375FD0D1}.Debug|ARM.Build.0 = Debug|Any CPU
		{9D38B4B7-3CBF-42C1-9374-6373375FD0D1}.Debug|iPhone.ActiveCfg = Debug|Any CPU
		{9D38B4B7-3CBF-42C1-9374-6373375FD0D1}.Debug|iPhone.Build.0 = Debug|Any CPU
		{9D38B4B7-3CBF-42C1-9374-6373375FD0D1}.Debug|iPhoneSimulator.ActiveCfg = Debug|Any CPU
		{9D38B4B7-3CBF-42C1-9374-6373375FD0D1}.Debug|iPhoneSimulator.Build.0 = Debug|Any CPU
		{9D38B4B7-3CBF-42C1-9374-6373375FD0D1}.Debug|x64.ActiveCfg = Debug|Any CPU
		{9D38B4B7-3CBF-42C1-9374-6373375FD0D1}.Debug|x64.Build.0 = Debug|Any CPU
		{9D38B4B7-3CBF-42C1-9374-6373375FD0D1}.Debug|x86.ActiveCfg = Debug|Any CPU
		{9D38B4B7-3CBF-42C1-9374-6373375FD0D1}.Debug|x86.Build.0 = Debug|Any CPU
		{9D38B4B7-3CBF-42C1-9374-6373375FD0D1}.Release|Any CPU.ActiveCfg = Release|Any CPU
		{9D38B4B7-3CBF-42C1-9374-6373375FD0D1}.Release|Any CPU.Build.0 = Release|Any CPU
		{9D38B4B7-3CBF-42C1-9374-6373375FD0D1}.Release|ARM.ActiveCfg = Release|Any CPU
		{9D38B4B7-3CBF-42C1-9374-6373375FD0D1}.Release|ARM.Build.0 = Release|Any CPU
		{9D38B4B7-3CBF-42C1-9374-6373375FD0D1}.Release|iPhone.ActiveCfg = Release|Any CPU
		{9D38B4B7-3CBF-42C1-9374-6373375FD0D1}.Release|iPhone.Build.0 = Release|Any CPU
		{9D38B4B7-3CBF-42C1-9374-6373375FD0D1}.Release|iPhoneSimulator.ActiveCfg = Release|Any CPU
		{9D38B4B7-3CBF-42C1-9374-6373375FD0D1}.Release|iPhoneSimulator.Build.0 = Release|Any CPU
		{9D38B4B7-3CBF-42C1-9374-6373375FD0D1}.Release|x64.ActiveCfg = Release|Any CPU
		{9D38B4B7-3CBF-42C1-9374-6373375FD0D1}.Release|x64.Build.0 = Release|Any CPU
		{9D38B4B7-3CBF-42C1-9374-6373375FD0D1}.Release|x86.ActiveCfg = Release|Any CPU
		{9D38B4B7-3CBF-42C1-9374-6373375FD0D1}.Release|x86.Build.0 = Release|Any CPU
		{C2C23E7D-E04E-42D9-8ABF-46BDB42DE480}.Ad-Hoc|Any CPU.ActiveCfg = Release|x86
		{C2C23E7D-E04E-42D9-8ABF-46BDB42DE480}.Ad-Hoc|Any CPU.Build.0 = Release|x86
		{C2C23E7D-E04E-42D9-8ABF-46BDB42DE480}.Ad-Hoc|Any CPU.Deploy.0 = Release|x86
		{C2C23E7D-E04E-42D9-8ABF-46BDB42DE480}.Ad-Hoc|ARM.ActiveCfg = Release|ARM
		{C2C23E7D-E04E-42D9-8ABF-46BDB42DE480}.Ad-Hoc|ARM.Build.0 = Release|ARM
		{C2C23E7D-E04E-42D9-8ABF-46BDB42DE480}.Ad-Hoc|ARM.Deploy.0 = Release|ARM
		{C2C23E7D-E04E-42D9-8ABF-46BDB42DE480}.Ad-Hoc|iPhone.ActiveCfg = Release|x86
		{C2C23E7D-E04E-42D9-8ABF-46BDB42DE480}.Ad-Hoc|iPhone.Build.0 = Release|x86
		{C2C23E7D-E04E-42D9-8ABF-46BDB42DE480}.Ad-Hoc|iPhone.Deploy.0 = Release|x86
		{C2C23E7D-E04E-42D9-8ABF-46BDB42DE480}.Ad-Hoc|iPhoneSimulator.ActiveCfg = Release|x86
		{C2C23E7D-E04E-42D9-8ABF-46BDB42DE480}.Ad-Hoc|iPhoneSimulator.Build.0 = Release|x86
		{C2C23E7D-E04E-42D9-8ABF-46BDB42DE480}.Ad-Hoc|iPhoneSimulator.Deploy.0 = Release|x86
		{C2C23E7D-E04E-42D9-8ABF-46BDB42DE480}.Ad-Hoc|x64.ActiveCfg = Release|x64
		{C2C23E7D-E04E-42D9-8ABF-46BDB42DE480}.Ad-Hoc|x64.Build.0 = Release|x64
		{C2C23E7D-E04E-42D9-8ABF-46BDB42DE480}.Ad-Hoc|x64.Deploy.0 = Release|x64
		{C2C23E7D-E04E-42D9-8ABF-46BDB42DE480}.Ad-Hoc|x86.ActiveCfg = Release|x86
		{C2C23E7D-E04E-42D9-8ABF-46BDB42DE480}.Ad-Hoc|x86.Build.0 = Release|x86
		{C2C23E7D-E04E-42D9-8ABF-46BDB42DE480}.Ad-Hoc|x86.Deploy.0 = Release|x86
		{C2C23E7D-E04E-42D9-8ABF-46BDB42DE480}.AppStore|Any CPU.ActiveCfg = Release|x86
		{C2C23E7D-E04E-42D9-8ABF-46BDB42DE480}.AppStore|Any CPU.Build.0 = Release|x86
		{C2C23E7D-E04E-42D9-8ABF-46BDB42DE480}.AppStore|Any CPU.Deploy.0 = Release|x86
		{C2C23E7D-E04E-42D9-8ABF-46BDB42DE480}.AppStore|ARM.ActiveCfg = Release|ARM
		{C2C23E7D-E04E-42D9-8ABF-46BDB42DE480}.AppStore|ARM.Build.0 = Release|ARM
		{C2C23E7D-E04E-42D9-8ABF-46BDB42DE480}.AppStore|ARM.Deploy.0 = Release|ARM
		{C2C23E7D-E04E-42D9-8ABF-46BDB42DE480}.AppStore|iPhone.ActiveCfg = Release|x86
		{C2C23E7D-E04E-42D9-8ABF-46BDB42DE480}.AppStore|iPhone.Build.0 = Release|x86
		{C2C23E7D-E04E-42D9-8ABF-46BDB42DE480}.AppStore|iPhone.Deploy.0 = Release|x86
		{C2C23E7D-E04E-42D9-8ABF-46BDB42DE480}.AppStore|iPhoneSimulator.ActiveCfg = Release|x86
		{C2C23E7D-E04E-42D9-8ABF-46BDB42DE480}.AppStore|iPhoneSimulator.Build.0 = Release|x86
		{C2C23E7D-E04E-42D9-8ABF-46BDB42DE480}.AppStore|iPhoneSimulator.Deploy.0 = Release|x86
		{C2C23E7D-E04E-42D9-8ABF-46BDB42DE480}.AppStore|x64.ActiveCfg = Release|x64
		{C2C23E7D-E04E-42D9-8ABF-46BDB42DE480}.AppStore|x64.Build.0 = Release|x64
		{C2C23E7D-E04E-42D9-8ABF-46BDB42DE480}.AppStore|x64.Deploy.0 = Release|x64
		{C2C23E7D-E04E-42D9-8ABF-46BDB42DE480}.AppStore|x86.ActiveCfg = Release|x86
		{C2C23E7D-E04E-42D9-8ABF-46BDB42DE480}.AppStore|x86.Build.0 = Release|x86
		{C2C23E7D-E04E-42D9-8ABF-46BDB42DE480}.AppStore|x86.Deploy.0 = Release|x86
		{C2C23E7D-E04E-42D9-8ABF-46BDB42DE480}.Debug|Any CPU.ActiveCfg = Debug|x86
		{C2C23E7D-E04E-42D9-8ABF-46BDB42DE480}.Debug|ARM.ActiveCfg = Debug|ARM
		{C2C23E7D-E04E-42D9-8ABF-46BDB42DE480}.Debug|ARM.Build.0 = Debug|ARM
		{C2C23E7D-E04E-42D9-8ABF-46BDB42DE480}.Debug|ARM.Deploy.0 = Debug|ARM
		{C2C23E7D-E04E-42D9-8ABF-46BDB42DE480}.Debug|iPhone.ActiveCfg = Debug|x86
		{C2C23E7D-E04E-42D9-8ABF-46BDB42DE480}.Debug|iPhoneSimulator.ActiveCfg = Debug|x86
		{C2C23E7D-E04E-42D9-8ABF-46BDB42DE480}.Debug|x64.ActiveCfg = Debug|x64
		{C2C23E7D-E04E-42D9-8ABF-46BDB42DE480}.Debug|x64.Build.0 = Debug|x64
		{C2C23E7D-E04E-42D9-8ABF-46BDB42DE480}.Debug|x64.Deploy.0 = Debug|x64
		{C2C23E7D-E04E-42D9-8ABF-46BDB42DE480}.Debug|x86.ActiveCfg = Debug|x86
		{C2C23E7D-E04E-42D9-8ABF-46BDB42DE480}.Debug|x86.Build.0 = Debug|x86
		{C2C23E7D-E04E-42D9-8ABF-46BDB42DE480}.Debug|x86.Deploy.0 = Debug|x86
		{C2C23E7D-E04E-42D9-8ABF-46BDB42DE480}.Release|Any CPU.ActiveCfg = Release|x86
		{C2C23E7D-E04E-42D9-8ABF-46BDB42DE480}.Release|ARM.ActiveCfg = Release|ARM
		{C2C23E7D-E04E-42D9-8ABF-46BDB42DE480}.Release|ARM.Build.0 = Release|ARM
		{C2C23E7D-E04E-42D9-8ABF-46BDB42DE480}.Release|ARM.Deploy.0 = Release|ARM
		{C2C23E7D-E04E-42D9-8ABF-46BDB42DE480}.Release|iPhone.ActiveCfg = Release|x86
		{C2C23E7D-E04E-42D9-8ABF-46BDB42DE480}.Release|iPhoneSimulator.ActiveCfg = Release|x86
		{C2C23E7D-E04E-42D9-8ABF-46BDB42DE480}.Release|x64.ActiveCfg = Release|x64
		{C2C23E7D-E04E-42D9-8ABF-46BDB42DE480}.Release|x64.Build.0 = Release|x64
		{C2C23E7D-E04E-42D9-8ABF-46BDB42DE480}.Release|x64.Deploy.0 = Release|x64
		{C2C23E7D-E04E-42D9-8ABF-46BDB42DE480}.Release|x86.ActiveCfg = Release|x86
		{C2C23E7D-E04E-42D9-8ABF-46BDB42DE480}.Release|x86.Build.0 = Release|x86
		{C2C23E7D-E04E-42D9-8ABF-46BDB42DE480}.Release|x86.Deploy.0 = Release|x86
		{A0AE1075-6944-43E3-9A70-F4680492873F}.Ad-Hoc|Any CPU.ActiveCfg = Ad-Hoc|iPhone
		{A0AE1075-6944-43E3-9A70-F4680492873F}.Ad-Hoc|ARM.ActiveCfg = Ad-Hoc|iPhone
		{A0AE1075-6944-43E3-9A70-F4680492873F}.Ad-Hoc|iPhone.ActiveCfg = Ad-Hoc|iPhone
		{A0AE1075-6944-43E3-9A70-F4680492873F}.Ad-Hoc|iPhone.Build.0 = Ad-Hoc|iPhone
		{A0AE1075-6944-43E3-9A70-F4680492873F}.Ad-Hoc|iPhoneSimulator.ActiveCfg = Ad-Hoc|iPhoneSimulator
		{A0AE1075-6944-43E3-9A70-F4680492873F}.Ad-Hoc|iPhoneSimulator.Build.0 = Ad-Hoc|iPhoneSimulator
		{A0AE1075-6944-43E3-9A70-F4680492873F}.Ad-Hoc|x64.ActiveCfg = Ad-Hoc|iPhone
		{A0AE1075-6944-43E3-9A70-F4680492873F}.Ad-Hoc|x86.ActiveCfg = Ad-Hoc|iPhone
		{A0AE1075-6944-43E3-9A70-F4680492873F}.AppStore|Any CPU.ActiveCfg = AppStore|iPhone
		{A0AE1075-6944-43E3-9A70-F4680492873F}.AppStore|ARM.ActiveCfg = AppStore|iPhone
		{A0AE1075-6944-43E3-9A70-F4680492873F}.AppStore|iPhone.ActiveCfg = AppStore|iPhone
		{A0AE1075-6944-43E3-9A70-F4680492873F}.AppStore|iPhone.Build.0 = AppStore|iPhone
		{A0AE1075-6944-43E3-9A70-F4680492873F}.AppStore|iPhoneSimulator.ActiveCfg = AppStore|iPhoneSimulator
		{A0AE1075-6944-43E3-9A70-F4680492873F}.AppStore|iPhoneSimulator.Build.0 = AppStore|iPhoneSimulator
		{A0AE1075-6944-43E3-9A70-F4680492873F}.AppStore|x64.ActiveCfg = AppStore|iPhone
		{A0AE1075-6944-43E3-9A70-F4680492873F}.AppStore|x86.ActiveCfg = AppStore|iPhone
		{A0AE1075-6944-43E3-9A70-F4680492873F}.Debug|Any CPU.ActiveCfg = Debug|iPhone
		{A0AE1075-6944-43E3-9A70-F4680492873F}.Debug|ARM.ActiveCfg = Debug|iPhone
		{A0AE1075-6944-43E3-9A70-F4680492873F}.Debug|iPhone.ActiveCfg = Debug|iPhone
		{A0AE1075-6944-43E3-9A70-F4680492873F}.Debug|iPhone.Build.0 = Debug|iPhone
		{A0AE1075-6944-43E3-9A70-F4680492873F}.Debug|iPhoneSimulator.ActiveCfg = Debug|iPhoneSimulator
		{A0AE1075-6944-43E3-9A70-F4680492873F}.Debug|iPhoneSimulator.Build.0 = Debug|iPhoneSimulator
		{A0AE1075-6944-43E3-9A70-F4680492873F}.Debug|x64.ActiveCfg = Debug|iPhone
		{A0AE1075-6944-43E3-9A70-F4680492873F}.Debug|x86.ActiveCfg = Debug|iPhone
		{A0AE1075-6944-43E3-9A70-F4680492873F}.Release|Any CPU.ActiveCfg = Release|iPhone
		{A0AE1075-6944-43E3-9A70-F4680492873F}.Release|ARM.ActiveCfg = Release|iPhone
		{A0AE1075-6944-43E3-9A70-F4680492873F}.Release|iPhone.ActiveCfg = Release|iPhone
		{A0AE1075-6944-43E3-9A70-F4680492873F}.Release|iPhone.Build.0 = Release|iPhone
		{A0AE1075-6944-43E3-9A70-F4680492873F}.Release|iPhoneSimulator.ActiveCfg = Release|iPhoneSimulator
		{A0AE1075-6944-43E3-9A70-F4680492873F}.Release|iPhoneSimulator.Build.0 = Release|iPhoneSimulator
		{A0AE1075-6944-43E3-9A70-F4680492873F}.Release|x64.ActiveCfg = Release|iPhone
		{A0AE1075-6944-43E3-9A70-F4680492873F}.Release|x86.ActiveCfg = Release|iPhone
	EndGlobalSection
	GlobalSection(SolutionProperties) = preSolution
		HideSolutionNode = FALSE
	EndGlobalSection
	GlobalSection(ExtensibilityGlobals) = postSolution
		SolutionGuid = {026E1BA0-7A77-405E-A176-209469D8C234}
	EndGlobalSection
EndGlobal
